
Microsoft Visual Studio Solution File, Format Version 12.00
# Visual Studio Version 17
VisualStudioVersion = 17.0.31903.59
MinimumVisualStudioVersion = 10.0.40219.1
Project("{2150E333-8FDC-42A3-9474-1A3956D46DE8}") = "src", "src", "{827E0CD3-B72D-47B6-A68D-7590B98EB39B}"
EndProject
Project("{FAE04EC0-301F-11D3-BF4B-00C04F79EFBC}") = "GMailThreadExtractor", "src\GMailThreadExtractor\GMailThreadExtractor.csproj", "{8BEF72E2-2788-45FF-AE1B-DED4A1237C63}"
EndProject
Project("{FAE04EC0-301F-11D3-BF4B-00C04F79EFBC}") = "ArchivalSupport", "src\ArchivalSupport\ArchivalSupport.csproj", "{78A2B052-1646-4174-A500-0F1BA6433D28}"
EndProject
Project("{2150E333-8FDC-42A3-9474-1A3956D46DE8}") = "test", "test", "{0C88DD14-F956-CE84-757C-A364CCF449FC}"
EndProject
Project("{FAE04EC0-301F-11D3-BF4B-00C04F79EFBC}") = "ArchivalSupport.Tests", "test\ArchivalSupport.Tests\ArchivalSupport.Tests.csproj", "{79E05490-C33C-4CF9-9F4C-9DF4253C9AAF}"
EndProject
Project("{FAE04EC0-301F-11D3-BF4B-00C04F79EFBC}") = "GMailThreadExtractor.Tests", "test\GMailThreadExtractor.Tests\GMailThreadExtractor.Tests.csproj", "{A1B2C3D4-E5F6-7890-ABCD-EF1234567890}"
EndProject
Project("{FAE04EC0-301F-11D3-BF4B-00C04F79EFBC}") = "Shared", "src\Shared\Shared.csproj", "{B2C3D4E5-F6A7-8901-BCDE-F23456789012}"
EndProject
Global
	GlobalSection(SolutionConfigurationPlatforms) = preSolution
		Debug|Any CPU = Debug|Any CPU
		Debug|x64 = Debug|x64
		Debug|x86 = Debug|x86
		Release|Any CPU = Release|Any CPU
		Release|x64 = Release|x64
		Release|x86 = Release|x86
	EndGlobalSection
	GlobalSection(ProjectConfigurationPlatforms) = postSolution
		{8BEF72E2-2788-45FF-AE1B-DED4A1237C63}.Debug|Any CPU.ActiveCfg = Debug|Any CPU
		{8BEF72E2-2788-45FF-AE1B-DED4A1237C63}.Debug|Any CPU.Build.0 = Debug|Any CPU
		{8BEF72E2-2788-45FF-AE1B-DED4A1237C63}.Debug|x64.ActiveCfg = Debug|Any CPU
		{8BEF72E2-2788-45FF-AE1B-DED4A1237C63}.Debug|x64.Build.0 = Debug|Any CPU
		{8BEF72E2-2788-45FF-AE1B-DED4A1237C63}.Debug|x86.ActiveCfg = Debug|Any CPU
		{8BEF72E2-2788-45FF-AE1B-DED4A1237C63}.Debug|x86.Build.0 = Debug|Any CPU
		{8BEF72E2-2788-45FF-AE1B-DED4A1237C63}.Release|Any CPU.ActiveCfg = Release|Any CPU
		{8BEF72E2-2788-45FF-AE1B-DED4A1237C63}.Release|Any CPU.Build.0 = Release|Any CPU
		{8BEF72E2-2788-45FF-AE1B-DED4A1237C63}.Release|x64.ActiveCfg = Release|Any CPU
		{8BEF72E2-2788-45FF-AE1B-DED4A1237C63}.Release|x64.Build.0 = Release|Any CPU
		{8BEF72E2-2788-45FF-AE1B-DED4A1237C63}.Release|x86.ActiveCfg = Release|Any CPU
		{8BEF72E2-2788-45FF-AE1B-DED4A1237C63}.Release|x86.Build.0 = Release|Any CPU
		{78A2B052-1646-4174-A500-0F1BA6433D28}.Debug|Any CPU.ActiveCfg = Debug|Any CPU
		{78A2B052-1646-4174-A500-0F1BA6433D28}.Debug|Any CPU.Build.0 = Debug|Any CPU
		{78A2B052-1646-4174-A500-0F1BA6433D28}.Debug|x64.ActiveCfg = Debug|Any CPU
		{78A2B052-1646-4174-A500-0F1BA6433D28}.Debug|x64.Build.0 = Debug|Any CPU
		{78A2B052-1646-4174-A500-0F1BA6433D28}.Debug|x86.ActiveCfg = Debug|Any CPU
		{78A2B052-1646-4174-A500-0F1BA6433D28}.Debug|x86.Build.0 = Debug|Any CPU
		{78A2B052-1646-4174-A500-0F1BA6433D28}.Release|Any CPU.ActiveCfg = Release|Any CPU
		{78A2B052-1646-4174-A500-0F1BA6433D28}.Release|Any CPU.Build.0 = Release|Any CPU
		{78A2B052-1646-4174-A500-0F1BA6433D28}.Release|x64.ActiveCfg = Release|Any CPU
		{78A2B052-1646-4174-A500-0F1BA6433D28}.Release|x64.Build.0 = Release|Any CPU
		{78A2B052-1646-4174-A500-0F1BA6433D28}.Release|x86.ActiveCfg = Release|Any CPU
		{78A2B052-1646-4174-A500-0F1BA6433D28}.Release|x86.Build.0 = Release|Any CPU
		{79E05490-C33C-4CF9-9F4C-9DF4253C9AAF}.Debug|Any CPU.ActiveCfg = Debug|Any CPU
		{79E05490-C33C-4CF9-9F4C-9DF4253C9AAF}.Debug|Any CPU.Build.0 = Debug|Any CPU
		{79E05490-C33C-4CF9-9F4C-9DF4253C9AAF}.Debug|x64.ActiveCfg = Debug|Any CPU
		{79E05490-C33C-4CF9-9F4C-9DF4253C9AAF}.Debug|x64.Build.0 = Debug|Any CPU
		{79E05490-C33C-4CF9-9F4C-9DF4253C9AAF}.Debug|x86.ActiveCfg = Debug|Any CPU
		{79E05490-C33C-4CF9-9F4C-9DF4253C9AAF}.Debug|x86.Build.0 = Debug|Any CPU
		{79E05490-C33C-4CF9-9F4C-9DF4253C9AAF}.Release|Any CPU.ActiveCfg = Release|Any CPU
		{79E05490-C33C-4CF9-9F4C-9DF4253C9AAF}.Release|Any CPU.Build.0 = Release|Any CPU
		{79E05490-C33C-4CF9-9F4C-9DF4253C9AAF}.Release|x64.ActiveCfg = Release|Any CPU
		{79E05490-C33C-4CF9-9F4C-9DF4253C9AAF}.Release|x64.Build.0 = Release|Any CPU
		{79E05490-C33C-4CF9-9F4C-9DF4253C9AAF}.Release|x86.ActiveCfg = Release|Any CPU
		{79E05490-C33C-4CF9-9F4C-9DF4253C9AAF}.Release|x86.Build.0 = Release|Any CPU
		{A1B2C3D4-E5F6-7890-ABCD-EF1234567890}.Debug|Any CPU.ActiveCfg = Debug|Any CPU
		{A1B2C3D4-E5F6-7890-ABCD-EF1234567890}.Debug|Any CPU.Build.0 = Debug|Any CPU
		{A1B2C3D4-E5F6-7890-ABCD-EF1234567890}.Debug|x64.ActiveCfg = Debug|Any CPU
		{A1B2C3D4-E5F6-7890-ABCD-EF1234567890}.Debug|x64.Build.0 = Debug|Any CPU
		{A1B2C3D4-E5F6-7890-ABCD-EF1234567890}.Debug|x86.ActiveCfg = Debug|Any CPU
		{A1B2C3D4-E5F6-7890-ABCD-EF1234567890}.Debug|x86.Build.0 = Debug|Any CPU
		{A1B2C3D4-E5F6-7890-ABCD-EF1234567890}.Release|Any CPU.ActiveCfg = Release|Any CPU
		{A1B2C3D4-E5F6-7890-ABCD-EF1234567890}.Release|Any CPU.Build.0 = Release|Any CPU
		{A1B2C3D4-E5F6-7890-ABCD-EF1234567890}.Release|x64.ActiveCfg = Release|Any CPU
		{A1B2C3D4-E5F6-7890-ABCD-EF1234567890}.Release|x64.Build.0 = Release|Any CPU
		{A1B2C3D4-E5F6-7890-ABCD-EF1234567890}.Release|x86.ActiveCfg = Release|Any CPU
		{A1B2C3D4-E5F6-7890-ABCD-EF1234567890}.Release|x86.Build.0 = Release|Any CPU
		{B2C3D4E5-F6A7-8901-BCDE-F23456789012}.Debug|Any CPU.ActiveCfg = Debug|Any CPU
		{B2C3D4E5-F6A7-8901-BCDE-F23456789012}.Debug|Any CPU.Build.0 = Debug|Any CPU
		{B2C3D4E5-F6A7-8901-BCDE-F23456789012}.Debug|x64.ActiveCfg = Debug|Any CPU
		{B2C3D4E5-F6A7-8901-BCDE-F23456789012}.Debug|x64.Build.0 = Debug|Any CPU
		{B2C3D4E5-F6A7-8901-BCDE-F23456789012}.Debug|x86.ActiveCfg = Debug|Any CPU
		{B2C3D4E5-F6A7-8901-BCDE-F23456789012}.Debug|x86.Build.0 = Debug|Any CPU
		{B2C3D4E5-F6A7-8901-BCDE-F23456789012}.Release|Any CPU.ActiveCfg = Release|Any CPU
		{B2C3D4E5-F6A7-8901-BCDE-F23456789012}.Release|Any CPU.Build.0 = Release|Any CPU
		{B2C3D4E5-F6A7-8901-BCDE-F23456789012}.Release|x64.ActiveCfg = Release|Any CPU
		{B2C3D4E5-F6A7-8901-BCDE-F23456789012}.Release|x64.Build.0 = Release|Any CPU
		{B2C3D4E5-F6A7-8901-BCDE-F23456789012}.Release|x86.ActiveCfg = Release|Any CPU
		{B2C3D4E5-F6A7-8901-BCDE-F23456789012}.Release|x86.Build.0 = Release|Any CPU
	EndGlobalSection
	GlobalSection(SolutionProperties) = preSolution
		HideSolutionNode = FALSE
	EndGlobalSection
	GlobalSection(NestedProjects) = preSolution
		{8BEF72E2-2788-45FF-AE1B-DED4A1237C63} = {827E0CD3-B72D-47B6-A68D-7590B98EB39B}
		{78A2B052-1646-4174-A500-0F1BA6433D28} = {827E0CD3-B72D-47B6-A68D-7590B98EB39B}
		{B2C3D4E5-F6A7-8901-BCDE-F23456789012} = {827E0CD3-B72D-47B6-A68D-7590B98EB39B}
		{79E05490-C33C-4CF9-9F4C-9DF4253C9AAF} = {0C88DD14-F956-CE84-757C-A364CCF449FC}
		{A1B2C3D4-E5F6-7890-ABCD-EF1234567890} = {0C88DD14-F956-CE84-757C-A364CCF449FC}
	EndGlobalSection
EndGlobal
