Microsoft Visual Studio Solution File, Format Version 12.00
# Visual Studio Version 17
VisualStudioVersion = 17.5.2.0
MinimumVisualStudioVersion = 10.0.40219.1
Project("{2150E333-8FDC-42A3-9474-1A3956D46DE8}") = "src", "src", "{827E0CD3-B72D-47B6-A68D-7590B98EB39B}"
EndProject
Project("{FAE04EC0-301F-11D3-BF4B-00C04F79EFBC}") = "GMailThreadExtractor", "src\GMailThreadExtractor\GMailThreadExtractor.csproj", "{3A95A49D-0248-B23E-D584-1E2C2672516C}"
EndProject
Global
	GlobalSection(SolutionConfigurationPlatforms) = preSolution
		Debug|Any CPU = Debug|Any CPU
		Release|Any CPU = Release|Any CPU
	EndGlobalSection
	GlobalSection(ProjectConfigurationPlatforms) = postSolution
		{3A95A49D-0248-B23E-D584-1E2C2672516C}.Debug|Any CPU.ActiveCfg = Debug|Any CPU
		{3A95A49D-0248-B23E-D584-1E2C2672516C}.Debug|Any CPU.Build.0 = Debug|Any CPU
		{3A95A49D-0248-B23E-D584-1E2C2672516C}.Release|Any CPU.ActiveCfg = Release|Any CPU
		{3A95A49D-0248-B23E-D584-1E2C2672516C}.Release|Any CPU.Build.0 = Release|Any CPU
	EndGlobalSection
	GlobalSection(SolutionProperties) = preSolution
		HideSolutionNode = FALSE
	EndGlobalSection
	GlobalSection(NestedProjects) = preSolution
		{3A95A49D-0248-B23E-D584-1E2C2672516C} = {827E0CD3-B72D-47B6-A68D-7590B98EB39B}
	EndGlobalSection
	GlobalSection(ExtensibilityGlobals) = postSolution
		SolutionGuid = {17D79597-0744-45DF-B79A-1830CB716DCF}
	EndGlobalSection
EndGlobal
